
Microsoft Visual Studio Solution File, Format Version 12.00
# Visual Studio Version 17
VisualStudioVersion = 17.3.32804.467
MinimumVisualStudioVersion = 10.0.40219.1
Project("{FAE04EC0-301F-11D3-BF4B-00C04F79EFBC}") = "ApplicationWeb", "ApplicationWeb.csproj", "{E397972E-33CA-4754-88BA-D40823A591F6}"
EndProject
Project("{FAE04EC0-301F-11D3-BF4B-00C04F79EFBC}") = "Core", "..\Core\Core.csproj", "{A6453BFB-DD4B-4FE4-8466-8C6708ADC63D}"
EndProject
Project("{FAE04EC0-301F-11D3-BF4B-00C04F79EFBC}") = "Buisness", "..\Buisness\Buisness.csproj", "{5FC3F73D-7F5A-405A-93D6-22748FEC61FF}"
EndProject
Project("{2150E333-8FDC-42A3-9474-1A3956D46DE8}") = "Data", "Data", "{F2D2B8DB-83FC-4D65-A6A9-75FADEEB921D}"
EndProject
Project("{FAE04EC0-301F-11D3-BF4B-00C04F79EFBC}") = "Data", "..\Data\Data.csproj", "{F2C5F5C8-ADC3-4B86-AEA4-608B0F26D505}"
EndProject
Project("{FAE04EC0-301F-11D3-BF4B-00C04F79EFBC}") = "Providers.Sql", "..\Providers.Sql\Providers.Sql.csproj", "{A943417F-B58B-4854-A28E-261A2FDBDAD1}"
	ProjectSection(ProjectDependencies) = postProject
		{A6453BFB-DD4B-4FE4-8466-8C6708ADC63D} = {A6453BFB-DD4B-4FE4-8466-8C6708ADC63D}
	EndProjectSection
EndProject
Project("{00D1A9C2-B5F0-4AF3-8072-F6C62B433612}") = "Database", "..\Database\Database.sqlproj", "{C5856142-F159-4A1A-9409-295F82E6DE71}"
EndProject
Global
	GlobalSection(SolutionConfigurationPlatforms) = preSolution
		Debug|Any CPU = Debug|Any CPU
		Release|Any CPU = Release|Any CPU
	EndGlobalSection
	GlobalSection(ProjectConfigurationPlatforms) = postSolution
		{E397972E-33CA-4754-88BA-D40823A591F6}.Debug|Any CPU.ActiveCfg = Debug|Any CPU
		{E397972E-33CA-4754-88BA-D40823A591F6}.Debug|Any CPU.Build.0 = Debug|Any CPU
		{E397972E-33CA-4754-88BA-D40823A591F6}.Release|Any CPU.ActiveCfg = Release|Any CPU
		{E397972E-33CA-4754-88BA-D40823A591F6}.Release|Any CPU.Build.0 = Release|Any CPU
		{A6453BFB-DD4B-4FE4-8466-8C6708ADC63D}.Debug|Any CPU.ActiveCfg = Debug|Any CPU
		{A6453BFB-DD4B-4FE4-8466-8C6708ADC63D}.Debug|Any CPU.Build.0 = Debug|Any CPU
		{A6453BFB-DD4B-4FE4-8466-8C6708ADC63D}.Release|Any CPU.ActiveCfg = Release|Any CPU
		{A6453BFB-DD4B-4FE4-8466-8C6708ADC63D}.Release|Any CPU.Build.0 = Release|Any CPU
		{5FC3F73D-7F5A-405A-93D6-22748FEC61FF}.Debug|Any CPU.ActiveCfg = Debug|Any CPU
		{5FC3F73D-7F5A-405A-93D6-22748FEC61FF}.Debug|Any CPU.Build.0 = Debug|Any CPU
		{5FC3F73D-7F5A-405A-93D6-22748FEC61FF}.Release|Any CPU.ActiveCfg = Release|Any CPU
		{5FC3F73D-7F5A-405A-93D6-22748FEC61FF}.Release|Any CPU.Build.0 = Release|Any CPU
		{F2C5F5C8-ADC3-4B86-AEA4-608B0F26D505}.Debug|Any CPU.ActiveCfg = Debug|Any CPU
		{F2C5F5C8-ADC3-4B86-AEA4-608B0F26D505}.Debug|Any CPU.Build.0 = Debug|Any CPU
		{F2C5F5C8-ADC3-4B86-AEA4-608B0F26D505}.Release|Any CPU.ActiveCfg = Release|Any CPU
		{F2C5F5C8-ADC3-4B86-AEA4-608B0F26D505}.Release|Any CPU.Build.0 = Release|Any CPU
		{A943417F-B58B-4854-A28E-261A2FDBDAD1}.Debug|Any CPU.ActiveCfg = Debug|Any CPU
		{A943417F-B58B-4854-A28E-261A2FDBDAD1}.Debug|Any CPU.Build.0 = Debug|Any CPU
		{A943417F-B58B-4854-A28E-261A2FDBDAD1}.Release|Any CPU.ActiveCfg = Release|Any CPU
		{A943417F-B58B-4854-A28E-261A2FDBDAD1}.Release|Any CPU.Build.0 = Release|Any CPU
		{C5856142-F159-4A1A-9409-295F82E6DE71}.Debug|Any CPU.ActiveCfg = Debug|Any CPU
		{C5856142-F159-4A1A-9409-295F82E6DE71}.Debug|Any CPU.Build.0 = Debug|Any CPU
		{C5856142-F159-4A1A-9409-295F82E6DE71}.Debug|Any CPU.Deploy.0 = Debug|Any CPU
		{C5856142-F159-4A1A-9409-295F82E6DE71}.Release|Any CPU.ActiveCfg = Release|Any CPU
		{C5856142-F159-4A1A-9409-295F82E6DE71}.Release|Any CPU.Build.0 = Release|Any CPU
		{C5856142-F159-4A1A-9409-295F82E6DE71}.Release|Any CPU.Deploy.0 = Release|Any CPU
	EndGlobalSection
	GlobalSection(SolutionProperties) = preSolution
		HideSolutionNode = FALSE
	EndGlobalSection
	GlobalSection(NestedProjects) = preSolution
		{F2C5F5C8-ADC3-4B86-AEA4-608B0F26D505} = {F2D2B8DB-83FC-4D65-A6A9-75FADEEB921D}
		{A943417F-B58B-4854-A28E-261A2FDBDAD1} = {F2D2B8DB-83FC-4D65-A6A9-75FADEEB921D}
		{C5856142-F159-4A1A-9409-295F82E6DE71} = {F2D2B8DB-83FC-4D65-A6A9-75FADEEB921D}
	EndGlobalSection
	GlobalSection(ExtensibilityGlobals) = postSolution
		SolutionGuid = {DA7A4418-00E2-4CAD-B24A-8DBA92A51DCF}
	EndGlobalSection
EndGlobal
